// !$*UTF8*$!
{
	archiveVersion = 1;
	classes = {
	};
	objectVersion = 50;
	objects = {

/* Begin PBXBuildFile section */
		61740EAC264F4BC3000D2D8C /* Tests_iOS.swift in Sources */ = {isa = PBXBuildFile; fileRef = 61740EAB264F4BC3000D2D8C /* Tests_iOS.swift */; };
		61740EB7264F4BC3000D2D8C /* Tests_macOS.swift in Sources */ = {isa = PBXBuildFile; fileRef = 61740EB6264F4BC3000D2D8C /* Tests_macOS.swift */; };
		61740EB9264F4BC3000D2D8C /* helloworldApp.swift in Sources */ = {isa = PBXBuildFile; fileRef = 61740E90264F4BC1000D2D8C /* helloworldApp.swift */; };
		61740EBA264F4BC3000D2D8C /* helloworldApp.swift in Sources */ = {isa = PBXBuildFile; fileRef = 61740E90264F4BC1000D2D8C /* helloworldApp.swift */; };
		61740EBB264F4BC3000D2D8C /* ContentView.swift in Sources */ = {isa = PBXBuildFile; fileRef = 61740E91264F4BC1000D2D8C /* ContentView.swift */; };
		61740EBC264F4BC3000D2D8C /* ContentView.swift in Sources */ = {isa = PBXBuildFile; fileRef = 61740E91264F4BC1000D2D8C /* ContentView.swift */; };
		61740EBD264F4BC3000D2D8C /* Assets.xcassets in Resources */ = {isa = PBXBuildFile; fileRef = 61740E92264F4BC3000D2D8C /* Assets.xcassets */; };
		61740EBE264F4BC3000D2D8C /* Assets.xcassets in Resources */ = {isa = PBXBuildFile; fileRef = 61740E92264F4BC3000D2D8C /* Assets.xcassets */; };
/* End PBXBuildFile section */

/* Begin PBXContainerItemProxy section */
		61740EA8264F4BC3000D2D8C /* PBXContainerItemProxy */ = {
			isa = PBXContainerItemProxy;
			containerPortal = 61740E8B264F4BC0000D2D8C /* Project object */;
			proxyType = 1;
			remoteGlobalIDString = 61740E96264F4BC3000D2D8C;
			remoteInfo = "helloworld (iOS)";
		};
		61740EB3264F4BC3000D2D8C /* PBXContainerItemProxy */ = {
			isa = PBXContainerItemProxy;
			containerPortal = 61740E8B264F4BC0000D2D8C /* Project object */;
			proxyType = 1;
			remoteGlobalIDString = 61740E9E264F4BC3000D2D8C;
			remoteInfo = "helloworld (macOS)";
		};
/* End PBXContainerItemProxy section */

/* Begin PBXFileReference section */
		61740E90264F4BC1000D2D8C /* helloworldApp.swift */ = {isa = PBXFileReference; lastKnownFileType = sourcecode.swift; path = helloworldApp.swift; sourceTree = "<group>"; };
		61740E91264F4BC1000D2D8C /* ContentView.swift */ = {isa = PBXFileReference; lastKnownFileType = sourcecode.swift; path = ContentView.swift; sourceTree = "<group>"; };
		61740E92264F4BC3000D2D8C /* Assets.xcassets */ = {isa = PBXFileReference; lastKnownFileType = folder.assetcatalog; path = Assets.xcassets; sourceTree = "<group>"; };
		61740E97264F4BC3000D2D8C /* helloworld.app */ = {isa = PBXFileReference; explicitFileType = wrapper.application; includeInIndex = 0; path = helloworld.app; sourceTree = BUILT_PRODUCTS_DIR; };
		61740E9A264F4BC3000D2D8C /* Info.plist */ = {isa = PBXFileReference; lastKnownFileType = text.plist.xml; path = Info.plist; sourceTree = "<group>"; };
		61740E9F264F4BC3000D2D8C /* helloworld.app */ = {isa = PBXFileReference; explicitFileType = wrapper.application; includeInIndex = 0; path = helloworld.app; sourceTree = BUILT_PRODUCTS_DIR; };
		61740EA1264F4BC3000D2D8C /* Info.plist */ = {isa = PBXFileReference; lastKnownFileType = text.plist.xml; path = Info.plist; sourceTree = "<group>"; };
		61740EA2264F4BC3000D2D8C /* macOS.entitlements */ = {isa = PBXFileReference; lastKnownFileType = text.plist.entitlements; path = macOS.entitlements; sourceTree = "<group>"; };
		61740EA7264F4BC3000D2D8C /* Tests iOS.xctest */ = {isa = PBXFileReference; explicitFileType = wrapper.cfbundle; includeInIndex = 0; path = "Tests iOS.xctest"; sourceTree = BUILT_PRODUCTS_DIR; };
		61740EAB264F4BC3000D2D8C /* Tests_iOS.swift */ = {isa = PBXFileReference; lastKnownFileType = sourcecode.swift; path = Tests_iOS.swift; sourceTree = "<group>"; };
		61740EAD264F4BC3000D2D8C /* Info.plist */ = {isa = PBXFileReference; lastKnownFileType = text.plist.xml; path = Info.plist; sourceTree = "<group>"; };
		61740EB2264F4BC3000D2D8C /* Tests macOS.xctest */ = {isa = PBXFileReference; explicitFileType = wrapper.cfbundle; includeInIndex = 0; path = "Tests macOS.xctest"; sourceTree = BUILT_PRODUCTS_DIR; };
		61740EB6264F4BC3000D2D8C /* Tests_macOS.swift */ = {isa = PBXFileReference; lastKnownFileType = sourcecode.swift; path = Tests_macOS.swift; sourceTree = "<group>"; };
		61740EB8264F4BC3000D2D8C /* Info.plist */ = {isa = PBXFileReference; lastKnownFileType = text.plist.xml; path = Info.plist; sourceTree = "<group>"; };
/* End PBXFileReference section */

/* Begin PBXFrameworksBuildPhase section */
		61740E94264F4BC3000D2D8C /* Frameworks */ = {
			isa = PBXFrameworksBuildPhase;
			buildActionMask = 2147483647;
			files = (
			);
			runOnlyForDeploymentPostprocessing = 0;
		};
		61740E9C264F4BC3000D2D8C /* Frameworks */ = {
			isa = PBXFrameworksBuildPhase;
			buildActionMask = 2147483647;
			files = (
			);
			runOnlyForDeploymentPostprocessing = 0;
		};
		61740EA4264F4BC3000D2D8C /* Frameworks */ = {
			isa = PBXFrameworksBuildPhase;
			buildActionMask = 2147483647;
			files = (
			);
			runOnlyForDeploymentPostprocessing = 0;
		};
		61740EAF264F4BC3000D2D8C /* Frameworks */ = {
			isa = PBXFrameworksBuildPhase;
			buildActionMask = 2147483647;
			files = (
			);
			runOnlyForDeploymentPostprocessing = 0;
		};
/* End PBXFrameworksBuildPhase section */

/* Begin PBXGroup section */
		61740E8A264F4BC0000D2D8C = {
			isa = PBXGroup;
			children = (
				61740E8F264F4BC1000D2D8C /* Shared */,
				61740E99264F4BC3000D2D8C /* iOS */,
				61740EA0264F4BC3000D2D8C /* macOS */,
				61740EAA264F4BC3000D2D8C /* Tests iOS */,
				61740EB5264F4BC3000D2D8C /* Tests macOS */,
				61740E98264F4BC3000D2D8C /* Products */,
			);
			sourceTree = "<group>";
		};
		61740E8F264F4BC1000D2D8C /* Shared */ = {
			isa = PBXGroup;
			children = (
				61740E90264F4BC1000D2D8C /* helloworldApp.swift */,
				61740E91264F4BC1000D2D8C /* ContentView.swift */,
				61740E92264F4BC3000D2D8C /* Assets.xcassets */,
			);
			path = Shared;
			sourceTree = "<group>";
		};
		61740E98264F4BC3000D2D8C /* Products */ = {
			isa = PBXGroup;
			children = (
				61740E97264F4BC3000D2D8C /* helloworld.app */,
				61740E9F264F4BC3000D2D8C /* helloworld.app */,
				61740EA7264F4BC3000D2D8C /* Tests iOS.xctest */,
				61740EB2264F4BC3000D2D8C /* Tests macOS.xctest */,
			);
			name = Products;
			sourceTree = "<group>";
		};
		61740E99264F4BC3000D2D8C /* iOS */ = {
			isa = PBXGroup;
			children = (
				61740E9A264F4BC3000D2D8C /* Info.plist */,
			);
			path = iOS;
			sourceTree = "<group>";
		};
		61740EA0264F4BC3000D2D8C /* macOS */ = {
			isa = PBXGroup;
			children = (
				61740EA1264F4BC3000D2D8C /* Info.plist */,
				61740EA2264F4BC3000D2D8C /* macOS.entitlements */,
			);
			path = macOS;
			sourceTree = "<group>";
		};
		61740EAA264F4BC3000D2D8C /* Tests iOS */ = {
			isa = PBXGroup;
			children = (
				61740EAB264F4BC3000D2D8C /* Tests_iOS.swift */,
				61740EAD264F4BC3000D2D8C /* Info.plist */,
			);
			path = "Tests iOS";
			sourceTree = "<group>";
		};
		61740EB5264F4BC3000D2D8C /* Tests macOS */ = {
			isa = PBXGroup;
			children = (
				61740EB6264F4BC3000D2D8C /* Tests_macOS.swift */,
				61740EB8264F4BC3000D2D8C /* Info.plist */,
			);
			path = "Tests macOS";
			sourceTree = "<group>";
		};
/* End PBXGroup section */

/* Begin PBXNativeTarget section */
		61740E96264F4BC3000D2D8C /* helloworld (iOS) */ = {
			isa = PBXNativeTarget;
			buildConfigurationList = 61740EC1264F4BC3000D2D8C /* Build configuration list for PBXNativeTarget "helloworld (iOS)" */;
			buildPhases = (
				61740E93264F4BC3000D2D8C /* Sources */,
				61740E94264F4BC3000D2D8C /* Frameworks */,
				61740E95264F4BC3000D2D8C /* Resources */,
			);
			buildRules = (
			);
			dependencies = (
			);
			name = "helloworld (iOS)";
			productName = "helloworld (iOS)";
			productReference = 61740E97264F4BC3000D2D8C /* helloworld.app */;
			productType = "com.apple.product-type.application";
		};
		61740E9E264F4BC3000D2D8C /* helloworld (macOS) */ = {
			isa = PBXNativeTarget;
			buildConfigurationList = 61740EC4264F4BC3000D2D8C /* Build configuration list for PBXNativeTarget "helloworld (macOS)" */;
			buildPhases = (
				61740E9B264F4BC3000D2D8C /* Sources */,
				61740E9C264F4BC3000D2D8C /* Frameworks */,
				61740E9D264F4BC3000D2D8C /* Resources */,
			);
			buildRules = (
			);
			dependencies = (
			);
			name = "helloworld (macOS)";
			productName = "helloworld (macOS)";
			productReference = 61740E9F264F4BC3000D2D8C /* helloworld.app */;
			productType = "com.apple.product-type.application";
		};
		61740EA6264F4BC3000D2D8C /* Tests iOS */ = {
			isa = PBXNativeTarget;
			buildConfigurationList = 61740EC7264F4BC3000D2D8C /* Build configuration list for PBXNativeTarget "Tests iOS" */;
			buildPhases = (
				61740EA3264F4BC3000D2D8C /* Sources */,
				61740EA4264F4BC3000D2D8C /* Frameworks */,
				61740EA5264F4BC3000D2D8C /* Resources */,
			);
			buildRules = (
			);
			dependencies = (
				61740EA9264F4BC3000D2D8C /* PBXTargetDependency */,
			);
			name = "Tests iOS";
			productName = "Tests iOS";
			productReference = 61740EA7264F4BC3000D2D8C /* Tests iOS.xctest */;
			productType = "com.apple.product-type.bundle.ui-testing";
		};
		61740EB1264F4BC3000D2D8C /* Tests macOS */ = {
			isa = PBXNativeTarget;
			buildConfigurationList = 61740ECA264F4BC3000D2D8C /* Build configuration list for PBXNativeTarget "Tests macOS" */;
			buildPhases = (
				61740EAE264F4BC3000D2D8C /* Sources */,
				61740EAF264F4BC3000D2D8C /* Frameworks */,
				61740EB0264F4BC3000D2D8C /* Resources */,
			);
			buildRules = (
			);
			dependencies = (
				61740EB4264F4BC3000D2D8C /* PBXTargetDependency */,
			);
			name = "Tests macOS";
			productName = "Tests macOS";
			productReference = 61740EB2264F4BC3000D2D8C /* Tests macOS.xctest */;
			productType = "com.apple.product-type.bundle.ui-testing";
		};
/* End PBXNativeTarget section */

/* Begin PBXProject section */
		61740E8B264F4BC0000D2D8C /* Project object */ = {
			isa = PBXProject;
			attributes = {
				LastSwiftUpdateCheck = 1250;
				LastUpgradeCheck = 1250;
				TargetAttributes = {
					61740E96264F4BC3000D2D8C = {
						CreatedOnToolsVersion = 12.5;
					};
					61740E9E264F4BC3000D2D8C = {
						CreatedOnToolsVersion = 12.5;
					};
					61740EA6264F4BC3000D2D8C = {
						CreatedOnToolsVersion = 12.5;
						TestTargetID = 61740E96264F4BC3000D2D8C;
					};
					61740EB1264F4BC3000D2D8C = {
						CreatedOnToolsVersion = 12.5;
						TestTargetID = 61740E9E264F4BC3000D2D8C;
					};
				};
			};
			buildConfigurationList = 61740E8E264F4BC0000D2D8C /* Build configuration list for PBXProject "helloworld" */;
			compatibilityVersion = "Xcode 9.3";
			developmentRegion = en;
			hasScannedForEncodings = 0;
			knownRegions = (
				en,
				Base,
			);
			mainGroup = 61740E8A264F4BC0000D2D8C;
			productRefGroup = 61740E98264F4BC3000D2D8C /* Products */;
			projectDirPath = "";
			projectRoot = "";
			targets = (
				61740E96264F4BC3000D2D8C /* helloworld (iOS) */,
				61740E9E264F4BC3000D2D8C /* helloworld (macOS) */,
				61740EA6264F4BC3000D2D8C /* Tests iOS */,
				61740EB1264F4BC3000D2D8C /* Tests macOS */,
			);
		};
/* End PBXProject section */

/* Begin PBXResourcesBuildPhase section */
		61740E95264F4BC3000D2D8C /* Resources */ = {
			isa = PBXResourcesBuildPhase;
			buildActionMask = 2147483647;
			files = (
				61740EBD264F4BC3000D2D8C /* Assets.xcassets in Resources */,
			);
			runOnlyForDeploymentPostprocessing = 0;
		};
		61740E9D264F4BC3000D2D8C /* Resources */ = {
			isa = PBXResourcesBuildPhase;
			buildActionMask = 2147483647;
			files = (
				61740EBE264F4BC3000D2D8C /* Assets.xcassets in Resources */,
			);
			runOnlyForDeploymentPostprocessing = 0;
		};
		61740EA5264F4BC3000D2D8C /* Resources */ = {
			isa = PBXResourcesBuildPhase;
			buildActionMask = 2147483647;
			files = (
			);
			runOnlyForDeploymentPostprocessing = 0;
		};
		61740EB0264F4BC3000D2D8C /* Resources */ = {
			isa = PBXResourcesBuildPhase;
			buildActionMask = 2147483647;
			files = (
			);
			runOnlyForDeploymentPostprocessing = 0;
		};
/* End PBXResourcesBuildPhase section */

/* Begin PBXSourcesBuildPhase section */
		61740E93264F4BC3000D2D8C /* Sources */ = {
			isa = PBXSourcesBuildPhase;
			buildActionMask = 2147483647;
			files = (
				61740EBB264F4BC3000D2D8C /* ContentView.swift in Sources */,
				61740EB9264F4BC3000D2D8C /* helloworldApp.swift in Sources */,
			);
			runOnlyForDeploymentPostprocessing = 0;
		};
		61740E9B264F4BC3000D2D8C /* Sources */ = {
			isa = PBXSourcesBuildPhase;
			buildActionMask = 2147483647;
			files = (
				61740EBC264F4BC3000D2D8C /* ContentView.swift in Sources */,
				61740EBA264F4BC3000D2D8C /* helloworldApp.swift in Sources */,
			);
			runOnlyForDeploymentPostprocessing = 0;
		};
		61740EA3264F4BC3000D2D8C /* Sources */ = {
			isa = PBXSourcesBuildPhase;
			buildActionMask = 2147483647;
			files = (
				61740EAC264F4BC3000D2D8C /* Tests_iOS.swift in Sources */,
			);
			runOnlyForDeploymentPostprocessing = 0;
		};
		61740EAE264F4BC3000D2D8C /* Sources */ = {
			isa = PBXSourcesBuildPhase;
			buildActionMask = 2147483647;
			files = (
				61740EB7264F4BC3000D2D8C /* Tests_macOS.swift in Sources */,
			);
			runOnlyForDeploymentPostprocessing = 0;
		};
/* End PBXSourcesBuildPhase section */

/* Begin PBXTargetDependency section */
		61740EA9264F4BC3000D2D8C /* PBXTargetDependency */ = {
			isa = PBXTargetDependency;
			target = 61740E96264F4BC3000D2D8C /* helloworld (iOS) */;
			targetProxy = 61740EA8264F4BC3000D2D8C /* PBXContainerItemProxy */;
		};
		61740EB4264F4BC3000D2D8C /* PBXTargetDependency */ = {
			isa = PBXTargetDependency;
			target = 61740E9E264F4BC3000D2D8C /* helloworld (macOS) */;
			targetProxy = 61740EB3264F4BC3000D2D8C /* PBXContainerItemProxy */;
		};
/* End PBXTargetDependency section */

/* Begin XCBuildConfiguration section */
		61740EBF264F4BC3000D2D8C /* Debug */ = {
			isa = XCBuildConfiguration;
			buildSettings = {
				ALWAYS_SEARCH_USER_PATHS = NO;
				CLANG_ANALYZER_NONNULL = YES;
				CLANG_ANALYZER_NUMBER_OBJECT_CONVERSION = YES_AGGRESSIVE;
				CLANG_CXX_LANGUAGE_STANDARD = "gnu++14";
				CLANG_CXX_LIBRARY = "libc++";
				CLANG_ENABLE_MODULES = YES;
				CLANG_ENABLE_OBJC_ARC = YES;
				CLANG_ENABLE_OBJC_WEAK = YES;
				CLANG_WARN_BLOCK_CAPTURE_AUTORELEASING = YES;
				CLANG_WARN_BOOL_CONVERSION = YES;
				CLANG_WARN_COMMA = YES;
				CLANG_WARN_CONSTANT_CONVERSION = YES;
				CLANG_WARN_DEPRECATED_OBJC_IMPLEMENTATIONS = YES;
				CLANG_WARN_DIRECT_OBJC_ISA_USAGE = YES_ERROR;
				CLANG_WARN_DOCUMENTATION_COMMENTS = YES;
				CLANG_WARN_EMPTY_BODY = YES;
				CLANG_WARN_ENUM_CONVERSION = YES;
				CLANG_WARN_INFINITE_RECURSION = YES;
				CLANG_WARN_INT_CONVERSION = YES;
				CLANG_WARN_NON_LITERAL_NULL_CONVERSION = YES;
				CLANG_WARN_OBJC_IMPLICIT_RETAIN_SELF = YES;
				CLANG_WARN_OBJC_LITERAL_CONVERSION = YES;
				CLANG_WARN_OBJC_ROOT_CLASS = YES_ERROR;
				CLANG_WARN_QUOTED_INCLUDE_IN_FRAMEWORK_HEADER = YES;
				CLANG_WARN_RANGE_LOOP_ANALYSIS = YES;
				CLANG_WARN_STRICT_PROTOTYPES = YES;
				CLANG_WARN_SUSPICIOUS_MOVE = YES;
				CLANG_WARN_UNGUARDED_AVAILABILITY = YES_AGGRESSIVE;
				CLANG_WARN_UNREACHABLE_CODE = YES;
				CLANG_WARN__DUPLICATE_METHOD_MATCH = YES;
				COPY_PHASE_STRIP = NO;
				DEBUG_INFORMATION_FORMAT = dwarf;
				ENABLE_STRICT_OBJC_MSGSEND = YES;
				ENABLE_TESTABILITY = YES;
				GCC_C_LANGUAGE_STANDARD = gnu11;
				GCC_DYNAMIC_NO_PIC = NO;
				GCC_NO_COMMON_BLOCKS = YES;
				GCC_OPTIMIZATION_LEVEL = 0;
				GCC_PREPROCESSOR_DEFINITIONS = (
					"DEBUG=1",
					"$(inherited)",
				);
				GCC_WARN_64_TO_32_BIT_CONVERSION = YES;
				GCC_WARN_ABOUT_RETURN_TYPE = YES_ERROR;
				GCC_WARN_UNDECLARED_SELECTOR = YES;
				GCC_WARN_UNINITIALIZED_AUTOS = YES_AGGRESSIVE;
				GCC_WARN_UNUSED_FUNCTION = YES;
				GCC_WARN_UNUSED_VARIABLE = YES;
				MTL_ENABLE_DEBUG_INFO = INCLUDE_SOURCE;
				MTL_FAST_MATH = YES;
				ONLY_ACTIVE_ARCH = YES;
				SWIFT_ACTIVE_COMPILATION_CONDITIONS = DEBUG;
				SWIFT_OPTIMIZATION_LEVEL = "-Onone";
			};
			name = Debug;
		};
		61740EC0264F4BC3000D2D8C /* Release */ = {
			isa = XCBuildConfiguration;
			buildSettings = {
				ALWAYS_SEARCH_USER_PATHS = NO;
				CLANG_ANALYZER_NONNULL = YES;
				CLANG_ANALYZER_NUMBER_OBJECT_CONVERSION = YES_AGGRESSIVE;
				CLANG_CXX_LANGUAGE_STANDARD = "gnu++14";
				CLANG_CXX_LIBRARY = "libc++";
				CLANG_ENABLE_MODULES = YES;
				CLANG_ENABLE_OBJC_ARC = YES;
				CLANG_ENABLE_OBJC_WEAK = YES;
				CLANG_WARN_BLOCK_CAPTURE_AUTORELEASING = YES;
				CLANG_WARN_BOOL_CONVERSION = YES;
				CLANG_WARN_COMMA = YES;
				CLANG_WARN_CONSTANT_CONVERSION = YES;
				CLANG_WARN_DEPRECATED_OBJC_IMPLEMENTATIONS = YES;
				CLANG_WARN_DIRECT_OBJC_ISA_USAGE = YES_ERROR;
				CLANG_WARN_DOCUMENTATION_COMMENTS = YES;
				CLANG_WARN_EMPTY_BODY = YES;
				CLANG_WARN_ENUM_CONVERSION = YES;
				CLANG_WARN_INFINITE_RECURSION = YES;
				CLANG_WARN_INT_CONVERSION = YES;
				CLANG_WARN_NON_LITERAL_NULL_CONVERSION = YES;
				CLANG_WARN_OBJC_IMPLICIT_RETAIN_SELF = YES;
				CLANG_WARN_OBJC_LITERAL_CONVERSION = YES;
				CLANG_WARN_OBJC_ROOT_CLASS = YES_ERROR;
				CLANG_WARN_QUOTED_INCLUDE_IN_FRAMEWORK_HEADER = YES;
				CLANG_WARN_RANGE_LOOP_ANALYSIS = YES;
				CLANG_WARN_STRICT_PROTOTYPES = YES;
				CLANG_WARN_SUSPICIOUS_MOVE = YES;
				CLANG_WARN_UNGUARDED_AVAILABILITY = YES_AGGRESSIVE;
				CLANG_WARN_UNREACHABLE_CODE = YES;
				CLANG_WARN__DUPLICATE_METHOD_MATCH = YES;
				COPY_PHASE_STRIP = NO;
				DEBUG_INFORMATION_FORMAT = "dwarf-with-dsym";
				ENABLE_NS_ASSERTIONS = NO;
				ENABLE_STRICT_OBJC_MSGSEND = YES;
				GCC_C_LANGUAGE_STANDARD = gnu11;
				GCC_NO_COMMON_BLOCKS = YES;
				GCC_WARN_64_TO_32_BIT_CONVERSION = YES;
				GCC_WARN_ABOUT_RETURN_TYPE = YES_ERROR;
				GCC_WARN_UNDECLARED_SELECTOR = YES;
				GCC_WARN_UNINITIALIZED_AUTOS = YES_AGGRESSIVE;
				GCC_WARN_UNUSED_FUNCTION = YES;
				GCC_WARN_UNUSED_VARIABLE = YES;
				MTL_ENABLE_DEBUG_INFO = NO;
				MTL_FAST_MATH = YES;
				SWIFT_COMPILATION_MODE = wholemodule;
				SWIFT_OPTIMIZATION_LEVEL = "-O";
			};
			name = Release;
		};
		61740EC2264F4BC3000D2D8C /* Debug */ = {
			isa = XCBuildConfiguration;
			buildSettings = {
				ASSETCATALOG_COMPILER_APPICON_NAME = AppIcon;
				ASSETCATALOG_COMPILER_GLOBAL_ACCENT_COLOR_NAME = AccentColor;
				CODE_SIGN_STYLE = Automatic;
				DEVELOPMENT_TEAM = KR2Q8MCM9Q;
				ENABLE_PREVIEWS = YES;
				INFOPLIST_FILE = iOS/Info.plist;
				IPHONEOS_DEPLOYMENT_TARGET = 14.0;
				LD_RUNPATH_SEARCH_PATHS = (
					"$(inherited)",
					"@executable_path/Frameworks",
				);
				PRODUCT_BUNDLE_IDENTIFIER = com.abhishek.helloworld;
				PRODUCT_NAME = helloworld;
				SDKROOT = iphoneos;
				SWIFT_VERSION = 5.0;
				TARGETED_DEVICE_FAMILY = "1,2";
			};
			name = Debug;
		};
		61740EC3264F4BC3000D2D8C /* Release */ = {
			isa = XCBuildConfiguration;
			buildSettings = {
				ASSETCATALOG_COMPILER_APPICON_NAME = AppIcon;
				ASSETCATALOG_COMPILER_GLOBAL_ACCENT_COLOR_NAME = AccentColor;
				CODE_SIGN_STYLE = Automatic;
				DEVELOPMENT_TEAM = KR2Q8MCM9Q;
				ENABLE_PREVIEWS = YES;
				INFOPLIST_FILE = iOS/Info.plist;
				IPHONEOS_DEPLOYMENT_TARGET = 14.0;
				LD_RUNPATH_SEARCH_PATHS = (
					"$(inherited)",
					"@executable_path/Frameworks",
				);
				PRODUCT_BUNDLE_IDENTIFIER = com.abhishek.helloworld;
				PRODUCT_NAME = helloworld;
				SDKROOT = iphoneos;
				SWIFT_VERSION = 5.0;
				TARGETED_DEVICE_FAMILY = "1,2";
				VALIDATE_PRODUCT = YES;
			};
			name = Release;
		};
		61740EC5264F4BC3000D2D8C /* Debug */ = {
			isa = XCBuildConfiguration;
			buildSettings = {
				ASSETCATALOG_COMPILER_APPICON_NAME = AppIcon;
				ASSETCATALOG_COMPILER_GLOBAL_ACCENT_COLOR_NAME = AccentColor;
				CODE_SIGN_ENTITLEMENTS = macOS/macOS.entitlements;
				CODE_SIGN_STYLE = Automatic;
				COMBINE_HIDPI_IMAGES = YES;
				DEVELOPMENT_TEAM = KR2Q8MCM9Q;
				ENABLE_HARDENED_RUNTIME = YES;
				ENABLE_PREVIEWS = YES;
				INFOPLIST_FILE = macOS/Info.plist;
				LD_RUNPATH_SEARCH_PATHS = (
					"$(inherited)",
					"@executable_path/../Frameworks",
				);
				MACOSX_DEPLOYMENT_TARGET = 11.0;
				PRODUCT_BUNDLE_IDENTIFIER = com.abhishek.helloworld;
				PRODUCT_NAME = helloworld;
				SDKROOT = macosx;
				SWIFT_VERSION = 5.0;
			};
			name = Debug;
		};
		61740EC6264F4BC3000D2D8C /* Release */ = {
			isa = XCBuildConfiguration;
			buildSettings = {
				ASSETCATALOG_COMPILER_APPICON_NAME = AppIcon;
				ASSETCATALOG_COMPILER_GLOBAL_ACCENT_COLOR_NAME = AccentColor;
				CODE_SIGN_ENTITLEMENTS = macOS/macOS.entitlements;
				CODE_SIGN_STYLE = Automatic;
				COMBINE_HIDPI_IMAGES = YES;
				DEVELOPMENT_TEAM = KR2Q8MCM9Q;
				ENABLE_HARDENED_RUNTIME = YES;
				ENABLE_PREVIEWS = YES;
				INFOPLIST_FILE = macOS/Info.plist;
				LD_RUNPATH_SEARCH_PATHS = (
					"$(inherited)",
					"@executable_path/../Frameworks",
				);
				MACOSX_DEPLOYMENT_TARGET = 11.0;
				PRODUCT_BUNDLE_IDENTIFIER = com.abhishek.helloworld;
				PRODUCT_NAME = helloworld;
				SDKROOT = macosx;
				SWIFT_VERSION = 5.0;
			};
			name = Release;
		};
		61740EC8264F4BC3000D2D8C /* Debug */ = {
			isa = XCBuildConfiguration;
			buildSettings = {
				ALWAYS_EMBED_SWIFT_STANDARD_LIBRARIES = YES;
				CODE_SIGN_STYLE = Automatic;
				DEVELOPMENT_TEAM = KR2Q8MCM9Q;
				INFOPLIST_FILE = "Tests iOS/Info.plist";
				IPHONEOS_DEPLOYMENT_TARGET = 14.5;
				LD_RUNPATH_SEARCH_PATHS = (
					"$(inherited)",
					"@executable_path/Frameworks",
					"@loader_path/Frameworks",
				);
				PRODUCT_BUNDLE_IDENTIFIER = "com.abhishek.Tests-iOS";
				PRODUCT_NAME = "$(TARGET_NAME)";
				SDKROOT = iphoneos;
				SWIFT_VERSION = 5.0;
				TARGETED_DEVICE_FAMILY = "1,2";
				TEST_TARGET_NAME = "helloworld (iOS)";
			};
			name = Debug;
		};
		61740EC9264F4BC3000D2D8C /* Release */ = {
			isa = XCBuildConfiguration;
			buildSettings = {
				ALWAYS_EMBED_SWIFT_STANDARD_LIBRARIES = YES;
				CODE_SIGN_STYLE = Automatic;
				DEVELOPMENT_TEAM = KR2Q8MCM9Q;
				INFOPLIST_FILE = "Tests iOS/Info.plist";
				IPHONEOS_DEPLOYMENT_TARGET = 14.5;
				LD_RUNPATH_SEARCH_PATHS = (
					"$(inherited)",
					"@executable_path/Frameworks",
					"@loader_path/Frameworks",
				);
				PRODUCT_BUNDLE_IDENTIFIER = "com.abhishek.Tests-iOS";
				PRODUCT_NAME = "$(TARGET_NAME)";
				SDKROOT = iphoneos;
				SWIFT_VERSION = 5.0;
				TARGETED_DEVICE_FAMILY = "1,2";
				TEST_TARGET_NAME = "helloworld (iOS)";
				VALIDATE_PRODUCT = YES;
			};
			name = Release;
		};
		61740ECB264F4BC3000D2D8C /* Debug */ = {
			isa = XCBuildConfiguration;
			buildSettings = {
				ALWAYS_EMBED_SWIFT_STANDARD_LIBRARIES = YES;
				CODE_SIGN_STYLE = Automatic;
				COMBINE_HIDPI_IMAGES = YES;
				DEVELOPMENT_TEAM = KR2Q8MCM9Q;
				INFOPLIST_FILE = "Tests macOS/Info.plist";
				LD_RUNPATH_SEARCH_PATHS = (
					"$(inherited)",
					"@executable_path/../Frameworks",
					"@loader_path/../Frameworks",
				);
				MACOSX_DEPLOYMENT_TARGET = 11.3;
				PRODUCT_BUNDLE_IDENTIFIER = "com.abhishek.Tests-macOS";
				PRODUCT_NAME = "$(TARGET_NAME)";
				SDKROOT = macosx;
				SWIFT_VERSION = 5.0;
				TEST_TARGET_NAME = "helloworld (macOS)";
			};
			name = Debug;
		};
		61740ECC264F4BC3000D2D8C /* Release */ = {
			isa = XCBuildConfiguration;
			buildSettings = {
				ALWAYS_EMBED_SWIFT_STANDARD_LIBRARIES = YES;
				CODE_SIGN_STYLE = Automatic;
				COMBINE_HIDPI_IMAGES = YES;
				DEVELOPMENT_TEAM = KR2Q8MCM9Q;
				INFOPLIST_FILE = "Tests macOS/Info.plist";
				LD_RUNPATH_SEARCH_PATHS = (
					"$(inherited)",
					"@executable_path/../Frameworks",
					"@loader_path/../Frameworks",
				);
				MACOSX_DEPLOYMENT_TARGET = 11.3;
				PRODUCT_BUNDLE_IDENTIFIER = "com.abhishek.Tests-macOS";
				PRODUCT_NAME = "$(TARGET_NAME)";
				SDKROOT = macosx;
				SWIFT_VERSION = 5.0;
				TEST_TARGET_NAME = "helloworld (macOS)";
			};
			name = Release;
		};
/* End XCBuildConfiguration section */

/* Begin XCConfigurationList section */
		61740E8E264F4BC0000D2D8C /* Build configuration list for PBXProject "helloworld" */ = {
			isa = XCConfigurationList;
			buildConfigurations = (
				61740EBF264F4BC3000D2D8C /* Debug */,
				61740EC0264F4BC3000D2D8C /* Release */,
			);
			defaultConfigurationIsVisible = 0;
			defaultConfigurationName = Release;
		};
		61740EC1264F4BC3000D2D8C /* Build configuration list for PBXNativeTarget "helloworld (iOS)" */ = {
			isa = XCConfigurationList;
			buildConfigurations = (
				61740EC2264F4BC3000D2D8C /* Debug */,
				61740EC3264F4BC3000D2D8C /* Release */,
			);
			defaultConfigurationIsVisible = 0;
			defaultConfigurationName = Release;
		};
		61740EC4264F4BC3000D2D8C /* Build configuration list for PBXNativeTarget "helloworld (macOS)" */ = {
			isa = XCConfigurationList;
			buildConfigurations = (
				61740EC5264F4BC3000D2D8C /* Debug */,
				61740EC6264F4BC3000D2D8C /* Release */,
			);
			defaultConfigurationIsVisible = 0;
			defaultConfigurationName = Release;
		};
		61740EC7264F4BC3000D2D8C /* Build configuration list for PBXNativeTarget "Tests iOS" */ = {
			isa = XCConfigurationList;
			buildConfigurations = (
				61740EC8264F4BC3000D2D8C /* Debug */,
				61740EC9264F4BC3000D2D8C /* Release */,
			);
			defaultConfigurationIsVisible = 0;
			defaultConfigurationName = Release;
		};
		61740ECA264F4BC3000D2D8C /* Build configuration list for PBXNativeTarget "Tests macOS" */ = {
			isa = XCConfigurationList;
			buildConfigurations = (
				61740ECB264F4BC3000D2D8C /* Debug */,
				61740ECC264F4BC3000D2D8C /* Release */,
			);
			defaultConfigurationIsVisible = 0;
			defaultConfigurationName = Release;
		};
/* End XCConfigurationList section */
	};
	rootObject = 61740E8B264F4BC0000D2D8C /* Project object */;
}
